// !$*UTF8*$!
{
	archiveVersion = 1;
	classes = {
	};
	objectVersion = 51;
	objects = {

/* Begin PBXBuildFile section */
		6F0A35A623CF1A4D002269B3 /* MainTabBarController.swift in Sources */ = {isa = PBXBuildFile; fileRef = 6F0A35A523CF1A4D002269B3 /* MainTabBarController.swift */; };
		6F0A35AA23CF1F92002269B3 /* GoogleService-Info.plist in Resources */ = {isa = PBXBuildFile; fileRef = 6F0A35A923CF1F92002269B3 /* GoogleService-Info.plist */; };
		6F0A35AD23CF2431002269B3 /* SignProvider.swift in Sources */ = {isa = PBXBuildFile; fileRef = 6F0A35AC23CF2431002269B3 /* SignProvider.swift */; };
		6F0A35AF23CF2690002269B3 /* Reference.swift in Sources */ = {isa = PBXBuildFile; fileRef = 6F0A35AE23CF2690002269B3 /* Reference.swift */; };
		6F0A35B123CF27A0002269B3 /* UserModel.swift in Sources */ = {isa = PBXBuildFile; fileRef = 6F0A35B023CF27A0002269B3 /* UserModel.swift */; };
		6F0A35B323CF2C9F002269B3 /* StorageProvider.swift in Sources */ = {isa = PBXBuildFile; fileRef = 6F0A35B223CF2C9F002269B3 /* StorageProvider.swift */; };
		6F0A35B523CF3CDD002269B3 /* UserProvider.swift in Sources */ = {isa = PBXBuildFile; fileRef = 6F0A35B423CF3CDD002269B3 /* UserProvider.swift */; };
		6F3A6B2823CF0CFC0090D5CD /* AppDelegate.swift in Sources */ = {isa = PBXBuildFile; fileRef = 6F3A6B2723CF0CFC0090D5CD /* AppDelegate.swift */; };
		6F3A6B3123CF0CFD0090D5CD /* Assets.xcassets in Resources */ = {isa = PBXBuildFile; fileRef = 6F3A6B3023CF0CFD0090D5CD /* Assets.xcassets */; };
		6F3A6B3423CF0CFD0090D5CD /* LaunchScreen.storyboard in Resources */ = {isa = PBXBuildFile; fileRef = 6F3A6B3223CF0CFD0090D5CD /* LaunchScreen.storyboard */; };
		6F3A6B4223CF0E430090D5CD /* SignUpViewController.swift in Sources */ = {isa = PBXBuildFile; fileRef = 6F3A6B4123CF0E430090D5CD /* SignUpViewController.swift */; };
		6F3A6B4423CF0F390090D5CD /* ListViewController.swift in Sources */ = {isa = PBXBuildFile; fileRef = 6F3A6B4323CF0F390090D5CD /* ListViewController.swift */; };
		837DE91305D92354171C8449 /* Pods_FirebaseTest.framework in Frameworks */ = {isa = PBXBuildFile; fileRef = A8A7780E117217D78D652B6B /* Pods_FirebaseTest.framework */; };
/* End PBXBuildFile section */

/* Begin PBXFileReference section */
		2544D72A81E7D772A34E86C1 /* Pods-FirebaseTest.debug.xcconfig */ = {isa = PBXFileReference; includeInIndex = 1; lastKnownFileType = text.xcconfig; name = "Pods-FirebaseTest.debug.xcconfig"; path = "Target Support Files/Pods-FirebaseTest/Pods-FirebaseTest.debug.xcconfig"; sourceTree = "<group>"; };
		6F0A35A523CF1A4D002269B3 /* MainTabBarController.swift */ = {isa = PBXFileReference; lastKnownFileType = sourcecode.swift; path = MainTabBarController.swift; sourceTree = "<group>"; };
		6F0A35A923CF1F92002269B3 /* GoogleService-Info.plist */ = {isa = PBXFileReference; fileEncoding = 4; lastKnownFileType = text.plist.xml; name = "GoogleService-Info.plist"; path = "../../../../../../Downloads/GoogleService-Info.plist"; sourceTree = "<group>"; };
		6F0A35AC23CF2431002269B3 /* SignProvider.swift */ = {isa = PBXFileReference; lastKnownFileType = sourcecode.swift; path = SignProvider.swift; sourceTree = "<group>"; };
		6F0A35AE23CF2690002269B3 /* Reference.swift */ = {isa = PBXFileReference; lastKnownFileType = sourcecode.swift; path = Reference.swift; sourceTree = "<group>"; };
		6F0A35B023CF27A0002269B3 /* UserModel.swift */ = {isa = PBXFileReference; lastKnownFileType = sourcecode.swift; path = UserModel.swift; sourceTree = "<group>"; };
		6F0A35B223CF2C9F002269B3 /* StorageProvider.swift */ = {isa = PBXFileReference; lastKnownFileType = sourcecode.swift; path = StorageProvider.swift; sourceTree = "<group>"; };
		6F0A35B423CF3CDD002269B3 /* UserProvider.swift */ = {isa = PBXFileReference; lastKnownFileType = sourcecode.swift; path = UserProvider.swift; sourceTree = "<group>"; };
		6F3A6B2423CF0CFC0090D5CD /* FirebaseTest.app */ = {isa = PBXFileReference; explicitFileType = wrapper.application; includeInIndex = 0; path = FirebaseTest.app; sourceTree = BUILT_PRODUCTS_DIR; };
		6F3A6B2723CF0CFC0090D5CD /* AppDelegate.swift */ = {isa = PBXFileReference; lastKnownFileType = sourcecode.swift; path = AppDelegate.swift; sourceTree = "<group>"; };
		6F3A6B3023CF0CFD0090D5CD /* Assets.xcassets */ = {isa = PBXFileReference; lastKnownFileType = folder.assetcatalog; path = Assets.xcassets; sourceTree = "<group>"; };
		6F3A6B3323CF0CFD0090D5CD /* Base */ = {isa = PBXFileReference; lastKnownFileType = file.storyboard; name = Base; path = Base.lproj/LaunchScreen.storyboard; sourceTree = "<group>"; };
		6F3A6B3523CF0CFD0090D5CD /* Info.plist */ = {isa = PBXFileReference; lastKnownFileType = text.plist.xml; path = Info.plist; sourceTree = "<group>"; };
		6F3A6B4123CF0E430090D5CD /* SignUpViewController.swift */ = {isa = PBXFileReference; lastKnownFileType = sourcecode.swift; path = SignUpViewController.swift; sourceTree = "<group>"; };
		6F3A6B4323CF0F390090D5CD /* ListViewController.swift */ = {isa = PBXFileReference; lastKnownFileType = sourcecode.swift; path = ListViewController.swift; sourceTree = "<group>"; };
		8077562F1D70F83167F5A601 /* Pods-FirebaseTest.release.xcconfig */ = {isa = PBXFileReference; includeInIndex = 1; lastKnownFileType = text.xcconfig; name = "Pods-FirebaseTest.release.xcconfig"; path = "Target Support Files/Pods-FirebaseTest/Pods-FirebaseTest.release.xcconfig"; sourceTree = "<group>"; };
		A8A7780E117217D78D652B6B /* Pods_FirebaseTest.framework */ = {isa = PBXFileReference; explicitFileType = wrapper.framework; includeInIndex = 0; path = Pods_FirebaseTest.framework; sourceTree = BUILT_PRODUCTS_DIR; };
/* End PBXFileReference section */

/* Begin PBXFrameworksBuildPhase section */
		6F3A6B2123CF0CFC0090D5CD /* Frameworks */ = {
			isa = PBXFrameworksBuildPhase;
			buildActionMask = 2147483647;
			files = (
				837DE91305D92354171C8449 /* Pods_FirebaseTest.framework in Frameworks */,
			);
			runOnlyForDeploymentPostprocessing = 0;
		};
/* End PBXFrameworksBuildPhase section */

/* Begin PBXGroup section */
		6110FCFB120CBBE36D3B51C1 /* Pods */ = {
			isa = PBXGroup;
			children = (
				2544D72A81E7D772A34E86C1 /* Pods-FirebaseTest.debug.xcconfig */,
				8077562F1D70F83167F5A601 /* Pods-FirebaseTest.release.xcconfig */,
			);
			path = Pods;
			sourceTree = "<group>";
		};
		6F0A35AB23CF2408002269B3 /* Network */ = {
			isa = PBXGroup;
			children = (
				6F0A35AC23CF2431002269B3 /* SignProvider.swift */,
				6F0A35B223CF2C9F002269B3 /* StorageProvider.swift */,
				6F0A35B423CF3CDD002269B3 /* UserProvider.swift */,
			);
			path = Network;
			sourceTree = "<group>";
		};
		6F3A6B1B23CF0CFC0090D5CD = {
			isa = PBXGroup;
			children = (
				6F3A6B2623CF0CFC0090D5CD /* FirebaseTest */,
				6F3A6B2523CF0CFC0090D5CD /* Products */,
				6110FCFB120CBBE36D3B51C1 /* Pods */,
				7FB41E4A8AB86DC0C7A24BC6 /* Frameworks */,
			);
			sourceTree = "<group>";
		};
		6F3A6B2523CF0CFC0090D5CD /* Products */ = {
			isa = PBXGroup;
			children = (
				6F3A6B2423CF0CFC0090D5CD /* FirebaseTest.app */,
			);
			name = Products;
			sourceTree = "<group>";
		};
		6F3A6B2623CF0CFC0090D5CD /* FirebaseTest */ = {
			isa = PBXGroup;
			children = (
				6F3A6B2723CF0CFC0090D5CD /* AppDelegate.swift */,
				6F0A35AB23CF2408002269B3 /* Network */,
				6F3A6B4523CF0FC40090D5CD /* View */,
				6F3A6B3C23CF0DAC0090D5CD /* Controller */,
				6F3A6B3B23CF0D480090D5CD /* Model */,
				6F3A6B3023CF0CFD0090D5CD /* Assets.xcassets */,
				6F3A6B3223CF0CFD0090D5CD /* LaunchScreen.storyboard */,
				6F0A35A923CF1F92002269B3 /* GoogleService-Info.plist */,
				6F3A6B3523CF0CFD0090D5CD /* Info.plist */,
			);
			path = FirebaseTest;
			sourceTree = "<group>";
		};
		6F3A6B3B23CF0D480090D5CD /* Model */ = {
			isa = PBXGroup;
			children = (
				6F0A35AE23CF2690002269B3 /* Reference.swift */,
				6F0A35B023CF27A0002269B3 /* UserModel.swift */,
			);
			path = Model;
			sourceTree = "<group>";
		};
		6F3A6B3C23CF0DAC0090D5CD /* Controller */ = {
			isa = PBXGroup;
			children = (
				6F3A6B4123CF0E430090D5CD /* SignUpViewController.swift */,
				6F3A6B4323CF0F390090D5CD /* ListViewController.swift */,
				6F0A35A523CF1A4D002269B3 /* MainTabBarController.swift */,
			);
			path = Controller;
			sourceTree = "<group>";
		};
		6F3A6B4523CF0FC40090D5CD /* View */ = {
			isa = PBXGroup;
			children = (
			);
			path = View;
			sourceTree = "<group>";
		};
		7FB41E4A8AB86DC0C7A24BC6 /* Frameworks */ = {
			isa = PBXGroup;
			children = (
				A8A7780E117217D78D652B6B /* Pods_FirebaseTest.framework */,
			);
			name = Frameworks;
			sourceTree = "<group>";
		};
/* End PBXGroup section */

/* Begin PBXNativeTarget section */
		6F3A6B2323CF0CFC0090D5CD /* FirebaseTest */ = {
			isa = PBXNativeTarget;
			buildConfigurationList = 6F3A6B3823CF0CFD0090D5CD /* Build configuration list for PBXNativeTarget "FirebaseTest" */;
			buildPhases = (
				3563842F14A3040F42B5D0D9 /* [CP] Check Pods Manifest.lock */,
				6F3A6B2023CF0CFC0090D5CD /* Sources */,
				6F3A6B2123CF0CFC0090D5CD /* Frameworks */,
				6F3A6B2223CF0CFC0090D5CD /* Resources */,
				FFD15CAE2C3AF8C8266BCBBE /* [CP] Embed Pods Frameworks */,
			);
			buildRules = (
			);
			dependencies = (
			);
			name = FirebaseTest;
			productName = FirebaseTest;
			productReference = 6F3A6B2423CF0CFC0090D5CD /* FirebaseTest.app */;
			productType = "com.apple.product-type.application";
		};
/* End PBXNativeTarget section */

/* Begin PBXProject section */
		6F3A6B1C23CF0CFC0090D5CD /* Project object */ = {
			isa = PBXProject;
			attributes = {
				LastSwiftUpdateCheck = 1130;
				LastUpgradeCheck = 1130;
				ORGANIZATIONNAME = Gitbot;
				TargetAttributes = {
					6F3A6B2323CF0CFC0090D5CD = {
						CreatedOnToolsVersion = 11.3;
					};
				};
			};
			buildConfigurationList = 6F3A6B1F23CF0CFC0090D5CD /* Build configuration list for PBXProject "FirebaseTest" */;
			compatibilityVersion = "Xcode 9.3";
			developmentRegion = en;
			hasScannedForEncodings = 0;
			knownRegions = (
				en,
				Base,
			);
			mainGroup = 6F3A6B1B23CF0CFC0090D5CD;
			productRefGroup = 6F3A6B2523CF0CFC0090D5CD /* Products */;
			projectDirPath = "";
			projectRoot = "";
			targets = (
				6F3A6B2323CF0CFC0090D5CD /* FirebaseTest */,
			);
		};
/* End PBXProject section */

/* Begin PBXResourcesBuildPhase section */
		6F3A6B2223CF0CFC0090D5CD /* Resources */ = {
			isa = PBXResourcesBuildPhase;
			buildActionMask = 2147483647;
			files = (
				6F3A6B3423CF0CFD0090D5CD /* LaunchScreen.storyboard in Resources */,
				6F3A6B3123CF0CFD0090D5CD /* Assets.xcassets in Resources */,
				6F0A35AA23CF1F92002269B3 /* GoogleService-Info.plist in Resources */,
			);
			runOnlyForDeploymentPostprocessing = 0;
		};
/* End PBXResourcesBuildPhase section */

/* Begin PBXShellScriptBuildPhase section */
		3563842F14A3040F42B5D0D9 /* [CP] Check Pods Manifest.lock */ = {
			isa = PBXShellScriptBuildPhase;
			buildActionMask = 2147483647;
			files = (
			);
			inputFileListPaths = (
			);
			inputPaths = (
				"${PODS_PODFILE_DIR_PATH}/Podfile.lock",
				"${PODS_ROOT}/Manifest.lock",
			);
			name = "[CP] Check Pods Manifest.lock";
			outputFileListPaths = (
			);
			outputPaths = (
				"$(DERIVED_FILE_DIR)/Pods-FirebaseTest-checkManifestLockResult.txt",
			);
			runOnlyForDeploymentPostprocessing = 0;
			shellPath = /bin/sh;
			shellScript = "diff \"${PODS_PODFILE_DIR_PATH}/Podfile.lock\" \"${PODS_ROOT}/Manifest.lock\" > /dev/null\nif [ $? != 0 ] ; then\n    # print error to STDERR\n    echo \"error: The sandbox is not in sync with the Podfile.lock. Run 'pod install' or update your CocoaPods installation.\" >&2\n    exit 1\nfi\n# This output is used by Xcode 'outputs' to avoid re-running this script phase.\necho \"SUCCESS\" > \"${SCRIPT_OUTPUT_FILE_0}\"\n";
			showEnvVarsInLog = 0;
		};
		FFD15CAE2C3AF8C8266BCBBE /* [CP] Embed Pods Frameworks */ = {
			isa = PBXShellScriptBuildPhase;
			buildActionMask = 2147483647;
			files = (
			);
			inputFileListPaths = (
				"${PODS_ROOT}/Target Support Files/Pods-FirebaseTest/Pods-FirebaseTest-frameworks-${CONFIGURATION}-input-files.xcfilelist",
			);
			name = "[CP] Embed Pods Frameworks";
			outputFileListPaths = (
				"${PODS_ROOT}/Target Support Files/Pods-FirebaseTest/Pods-FirebaseTest-frameworks-${CONFIGURATION}-output-files.xcfilelist",
			);
			runOnlyForDeploymentPostprocessing = 0;
			shellPath = /bin/sh;
			shellScript = "\"${PODS_ROOT}/Target Support Files/Pods-FirebaseTest/Pods-FirebaseTest-frameworks.sh\"\n";
			showEnvVarsInLog = 0;
		};
/* End PBXShellScriptBuildPhase section */

/* Begin PBXSourcesBuildPhase section */
		6F3A6B2023CF0CFC0090D5CD /* Sources */ = {
			isa = PBXSourcesBuildPhase;
			buildActionMask = 2147483647;
			files = (
				6F0A35B323CF2C9F002269B3 /* StorageProvider.swift in Sources */,
				6F0A35B523CF3CDD002269B3 /* UserProvider.swift in Sources */,
				6F3A6B4223CF0E430090D5CD /* SignUpViewController.swift in Sources */,
				6F0A35B123CF27A0002269B3 /* UserModel.swift in Sources */,
				6F0A35AD23CF2431002269B3 /* SignProvider.swift in Sources */,
				6F3A6B2823CF0CFC0090D5CD /* AppDelegate.swift in Sources */,
				6F0A35AF23CF2690002269B3 /* Reference.swift in Sources */,
				6F0A35A623CF1A4D002269B3 /* MainTabBarController.swift in Sources */,
				6F3A6B4423CF0F390090D5CD /* ListViewController.swift in Sources */,
			);
			runOnlyForDeploymentPostprocessing = 0;
		};
/* End PBXSourcesBuildPhase section */

/* Begin PBXVariantGroup section */
		6F3A6B3223CF0CFD0090D5CD /* LaunchScreen.storyboard */ = {
			isa = PBXVariantGroup;
			children = (
				6F3A6B3323CF0CFD0090D5CD /* Base */,
			);
			name = LaunchScreen.storyboard;
			sourceTree = "<group>";
		};
/* End PBXVariantGroup section */

/* Begin XCBuildConfiguration section */
		6F3A6B3623CF0CFD0090D5CD /* Debug */ = {
			isa = XCBuildConfiguration;
			buildSettings = {
				ALWAYS_SEARCH_USER_PATHS = NO;
				CLANG_ANALYZER_NONNULL = YES;
				CLANG_ANALYZER_NUMBER_OBJECT_CONVERSION = YES_AGGRESSIVE;
				CLANG_CXX_LANGUAGE_STANDARD = "gnu++14";
				CLANG_CXX_LIBRARY = "libc++";
				CLANG_ENABLE_MODULES = YES;
				CLANG_ENABLE_OBJC_ARC = YES;
				CLANG_ENABLE_OBJC_WEAK = YES;
				CLANG_WARN_BLOCK_CAPTURE_AUTORELEASING = YES;
				CLANG_WARN_BOOL_CONVERSION = YES;
				CLANG_WARN_COMMA = YES;
				CLANG_WARN_CONSTANT_CONVERSION = YES;
				CLANG_WARN_DEPRECATED_OBJC_IMPLEMENTATIONS = YES;
				CLANG_WARN_DIRECT_OBJC_ISA_USAGE = YES_ERROR;
				CLANG_WARN_DOCUMENTATION_COMMENTS = YES;
				CLANG_WARN_EMPTY_BODY = YES;
				CLANG_WARN_ENUM_CONVERSION = YES;
				CLANG_WARN_INFINITE_RECURSION = YES;
				CLANG_WARN_INT_CONVERSION = YES;
				CLANG_WARN_NON_LITERAL_NULL_CONVERSION = YES;
				CLANG_WARN_OBJC_IMPLICIT_RETAIN_SELF = YES;
				CLANG_WARN_OBJC_LITERAL_CONVERSION = YES;
				CLANG_WARN_OBJC_ROOT_CLASS = YES_ERROR;
				CLANG_WARN_RANGE_LOOP_ANALYSIS = YES;
				CLANG_WARN_STRICT_PROTOTYPES = YES;
				CLANG_WARN_SUSPICIOUS_MOVE = YES;
				CLANG_WARN_UNGUARDED_AVAILABILITY = YES_AGGRESSIVE;
				CLANG_WARN_UNREACHABLE_CODE = YES;
				CLANG_WARN__DUPLICATE_METHOD_MATCH = YES;
				COPY_PHASE_STRIP = NO;
				DEBUG_INFORMATION_FORMAT = dwarf;
				ENABLE_STRICT_OBJC_MSGSEND = YES;
				ENABLE_TESTABILITY = YES;
				GCC_C_LANGUAGE_STANDARD = gnu11;
				GCC_DYNAMIC_NO_PIC = NO;
				GCC_NO_COMMON_BLOCKS = YES;
				GCC_OPTIMIZATION_LEVEL = 0;
				GCC_PREPROCESSOR_DEFINITIONS = (
					"DEBUG=1",
					"$(inherited)",
				);
				GCC_WARN_64_TO_32_BIT_CONVERSION = YES;
				GCC_WARN_ABOUT_RETURN_TYPE = YES_ERROR;
				GCC_WARN_UNDECLARED_SELECTOR = YES;
				GCC_WARN_UNINITIALIZED_AUTOS = YES_AGGRESSIVE;
				GCC_WARN_UNUSED_FUNCTION = YES;
				GCC_WARN_UNUSED_VARIABLE = YES;
				IPHONEOS_DEPLOYMENT_TARGET = 13.2;
				MTL_ENABLE_DEBUG_INFO = INCLUDE_SOURCE;
				MTL_FAST_MATH = YES;
				ONLY_ACTIVE_ARCH = YES;
				SDKROOT = iphoneos;
				SWIFT_ACTIVE_COMPILATION_CONDITIONS = DEBUG;
				SWIFT_OPTIMIZATION_LEVEL = "-Onone";
			};
			name = Debug;
		};
		6F3A6B3723CF0CFD0090D5CD /* Release */ = {
			isa = XCBuildConfiguration;
			buildSettings = {
				ALWAYS_SEARCH_USER_PATHS = NO;
				CLANG_ANALYZER_NONNULL = YES;
				CLANG_ANALYZER_NUMBER_OBJECT_CONVERSION = YES_AGGRESSIVE;
				CLANG_CXX_LANGUAGE_STANDARD = "gnu++14";
				CLANG_CXX_LIBRARY = "libc++";
				CLANG_ENABLE_MODULES = YES;
				CLANG_ENABLE_OBJC_ARC = YES;
				CLANG_ENABLE_OBJC_WEAK = YES;
				CLANG_WARN_BLOCK_CAPTURE_AUTORELEASING = YES;
				CLANG_WARN_BOOL_CONVERSION = YES;
				CLANG_WARN_COMMA = YES;
				CLANG_WARN_CONSTANT_CONVERSION = YES;
				CLANG_WARN_DEPRECATED_OBJC_IMPLEMENTATIONS = YES;
				CLANG_WARN_DIRECT_OBJC_ISA_USAGE = YES_ERROR;
				CLANG_WARN_DOCUMENTATION_COMMENTS = YES;
				CLANG_WARN_EMPTY_BODY = YES;
				CLANG_WARN_ENUM_CONVERSION = YES;
				CLANG_WARN_INFINITE_RECURSION = YES;
				CLANG_WARN_INT_CONVERSION = YES;
				CLANG_WARN_NON_LITERAL_NULL_CONVERSION = YES;
				CLANG_WARN_OBJC_IMPLICIT_RETAIN_SELF = YES;
				CLANG_WARN_OBJC_LITERAL_CONVERSION = YES;
				CLANG_WARN_OBJC_ROOT_CLASS = YES_ERROR;
				CLANG_WARN_RANGE_LOOP_ANALYSIS = YES;
				CLANG_WARN_STRICT_PROTOTYPES = YES;
				CLANG_WARN_SUSPICIOUS_MOVE = YES;
				CLANG_WARN_UNGUARDED_AVAILABILITY = YES_AGGRESSIVE;
				CLANG_WARN_UNREACHABLE_CODE = YES;
				CLANG_WARN__DUPLICATE_METHOD_MATCH = YES;
				COPY_PHASE_STRIP = NO;
				DEBUG_INFORMATION_FORMAT = "dwarf-with-dsym";
				ENABLE_NS_ASSERTIONS = NO;
				ENABLE_STRICT_OBJC_MSGSEND = YES;
				GCC_C_LANGUAGE_STANDARD = gnu11;
				GCC_NO_COMMON_BLOCKS = YES;
				GCC_WARN_64_TO_32_BIT_CONVERSION = YES;
				GCC_WARN_ABOUT_RETURN_TYPE = YES_ERROR;
				GCC_WARN_UNDECLARED_SELECTOR = YES;
				GCC_WARN_UNINITIALIZED_AUTOS = YES_AGGRESSIVE;
				GCC_WARN_UNUSED_FUNCTION = YES;
				GCC_WARN_UNUSED_VARIABLE = YES;
				IPHONEOS_DEPLOYMENT_TARGET = 13.2;
				MTL_ENABLE_DEBUG_INFO = NO;
				MTL_FAST_MATH = YES;
				SDKROOT = iphoneos;
				SWIFT_COMPILATION_MODE = wholemodule;
				SWIFT_OPTIMIZATION_LEVEL = "-O";
				VALIDATE_PRODUCT = YES;
			};
			name = Release;
		};
		6F3A6B3923CF0CFD0090D5CD /* Debug */ = {
			isa = XCBuildConfiguration;
			baseConfigurationReference = 2544D72A81E7D772A34E86C1 /* Pods-FirebaseTest.debug.xcconfig */;
			buildSettings = {
				ASSETCATALOG_COMPILER_APPICON_NAME = AppIcon;
				CODE_SIGN_STYLE = Automatic;
				DEVELOPMENT_TEAM = VR4RJ5PZHH;
				INFOPLIST_FILE = FirebaseTest/Info.plist;
				LD_RUNPATH_SEARCH_PATHS = (
					"$(inherited)",
					"@executable_path/Frameworks",
				);
				PRODUCT_BUNDLE_IDENTIFIER = kr.dukdamn.identifier;
				PRODUCT_NAME = "$(TARGET_NAME)";
				SWIFT_VERSION = 5.0;
				TARGETED_DEVICE_FAMILY = "1,2";
			};
			name = Debug;
		};
		6F3A6B3A23CF0CFD0090D5CD /* Release */ = {
			isa = XCBuildConfiguration;
			baseConfigurationReference = 8077562F1D70F83167F5A601 /* Pods-FirebaseTest.release.xcconfig */;
			buildSettings = {
				ASSETCATALOG_COMPILER_APPICON_NAME = AppIcon;
				CODE_SIGN_STYLE = Automatic;
				DEVELOPMENT_TEAM = VR4RJ5PZHH;
				INFOPLIST_FILE = FirebaseTest/Info.plist;
				LD_RUNPATH_SEARCH_PATHS = (
					"$(inherited)",
					"@executable_path/Frameworks",
				);
				PRODUCT_BUNDLE_IDENTIFIER = kr.dukdamn.identifier;
				PRODUCT_NAME = "$(TARGET_NAME)";
				SWIFT_VERSION = 5.0;
				TARGETED_DEVICE_FAMILY = "1,2";
			};
			name = Release;
		};
/* End XCBuildConfiguration section */

/* Begin XCConfigurationList section */
		6F3A6B1F23CF0CFC0090D5CD /* Build configuration list for PBXProject "FirebaseTest" */ = {
			isa = XCConfigurationList;
			buildConfigurations = (
				6F3A6B3623CF0CFD0090D5CD /* Debug */,
				6F3A6B3723CF0CFD0090D5CD /* Release */,
			);
			defaultConfigurationIsVisible = 0;
			defaultConfigurationName = Release;
		};
		6F3A6B3823CF0CFD0090D5CD /* Build configuration list for PBXNativeTarget "FirebaseTest" */ = {
			isa = XCConfigurationList;
			buildConfigurations = (
				6F3A6B3923CF0CFD0090D5CD /* Debug */,
				6F3A6B3A23CF0CFD0090D5CD /* Release */,
			);
			defaultConfigurationIsVisible = 0;
			defaultConfigurationName = Release;
		};
/* End XCConfigurationList section */
	};
	rootObject = 6F3A6B1C23CF0CFC0090D5CD /* Project object */;
}
